
Microsoft Visual Studio Solution File, Format Version 12.00
# Visual Studio 2013
VisualStudioVersion = 12.0.31101.0
MinimumVisualStudioVersion = 10.0.40219.1
Project("{FAE04EC0-301F-11D3-BF4B-00C04F79EFBC}") = "proof-of-concept-mvc.Web", "proof-of-concept-mvc.Web\proof-of-concept-mvc.Web.csproj", "{7A0A6B82-775D-4DF9-9FED-2CBED4821C05}"
EndProject
Project("{FAE04EC0-301F-11D3-BF4B-00C04F79EFBC}") = "proof-of-concept-mvc.Application", "proof-of-concept-mvc.Application\proof-of-concept-mvc.Application.csproj", "{9A8751CF-2231-4DBB-B643-0EA92F19FD09}"
EndProject
Project("{FAE04EC0-301F-11D3-BF4B-00C04F79EFBC}") = "proof-of-concept-mvc.Domain", "proof-of-concept-mvc.Domain\proof-of-concept-mvc.Domain.csproj", "{B85D5D9C-33F6-4840-8501-A5BF4E8765BF}"
EndProject
Global
	GlobalSection(SolutionConfigurationPlatforms) = preSolution
		Debug|Any CPU = Debug|Any CPU
		Release|Any CPU = Release|Any CPU
	EndGlobalSection
	GlobalSection(ProjectConfigurationPlatforms) = postSolution
		{7A0A6B82-775D-4DF9-9FED-2CBED4821C05}.Debug|Any CPU.ActiveCfg = Debug|Any CPU
		{7A0A6B82-775D-4DF9-9FED-2CBED4821C05}.Debug|Any CPU.Build.0 = Debug|Any CPU
		{7A0A6B82-775D-4DF9-9FED-2CBED4821C05}.Release|Any CPU.ActiveCfg = Release|Any CPU
		{7A0A6B82-775D-4DF9-9FED-2CBED4821C05}.Release|Any CPU.Build.0 = Release|Any CPU
		{9A8751CF-2231-4DBB-B643-0EA92F19FD09}.Debug|Any CPU.ActiveCfg = Debug|Any CPU
		{9A8751CF-2231-4DBB-B643-0EA92F19FD09}.Debug|Any CPU.Build.0 = Debug|Any CPU
		{9A8751CF-2231-4DBB-B643-0EA92F19FD09}.Release|Any CPU.ActiveCfg = Release|Any CPU
		{9A8751CF-2231-4DBB-B643-0EA92F19FD09}.Release|Any CPU.Build.0 = Release|Any CPU
		{B85D5D9C-33F6-4840-8501-A5BF4E8765BF}.Debug|Any CPU.ActiveCfg = Debug|Any CPU
		{B85D5D9C-33F6-4840-8501-A5BF4E8765BF}.Debug|Any CPU.Build.0 = Debug|Any CPU
		{B85D5D9C-33F6-4840-8501-A5BF4E8765BF}.Release|Any CPU.ActiveCfg = Release|Any CPU
		{B85D5D9C-33F6-4840-8501-A5BF4E8765BF}.Release|Any CPU.Build.0 = Release|Any CPU
	EndGlobalSection
	GlobalSection(SolutionProperties) = preSolution
		HideSolutionNode = FALSE
	EndGlobalSection
EndGlobal
